
Microsoft Visual Studio Solution File, Format Version 12.00
# Visual Studio 15
VisualStudioVersion = 15.0.27130.2010
MinimumVisualStudioVersion = 10.0.40219.1
Project("{FAE04EC0-301F-11D3-BF4B-00C04F79EFBC}") = "FoodPortal_WebApi", "FoodPortal_WebApi\FoodPortal_WebApi.csproj", "{B6D0DDD6-45B0-4127-996F-3F047EEACEB7}"
EndProject
Project("{FAE04EC0-301F-11D3-BF4B-00C04F79EFBC}") = "FoodPortal_Data", "FoodPortal_Data\FoodPortal_Data.csproj", "{5DDF78C7-8FE5-4E16-8B28-36F4F8E1B67F}"
EndProject
Project("{FAE04EC0-301F-11D3-BF4B-00C04F79EFBC}") = "FoodPortal_Web", "FoodPortal_Web\FoodPortal_Web.csproj", "{43E3309E-B950-4055-8A65-D8B6A94BB9CF}"
EndProject
Global
	GlobalSection(SolutionConfigurationPlatforms) = preSolution
		Debug|Any CPU = Debug|Any CPU
		Release|Any CPU = Release|Any CPU
	EndGlobalSection
	GlobalSection(ProjectConfigurationPlatforms) = postSolution
		{B6D0DDD6-45B0-4127-996F-3F047EEACEB7}.Debug|Any CPU.ActiveCfg = Debug|Any CPU
		{B6D0DDD6-45B0-4127-996F-3F047EEACEB7}.Debug|Any CPU.Build.0 = Debug|Any CPU
		{B6D0DDD6-45B0-4127-996F-3F047EEACEB7}.Release|Any CPU.ActiveCfg = Release|Any CPU
		{B6D0DDD6-45B0-4127-996F-3F047EEACEB7}.Release|Any CPU.Build.0 = Release|Any CPU
		{5DDF78C7-8FE5-4E16-8B28-36F4F8E1B67F}.Debug|Any CPU.ActiveCfg = Debug|Any CPU
		{5DDF78C7-8FE5-4E16-8B28-36F4F8E1B67F}.Debug|Any CPU.Build.0 = Debug|Any CPU
		{5DDF78C7-8FE5-4E16-8B28-36F4F8E1B67F}.Release|Any CPU.ActiveCfg = Release|Any CPU
		{5DDF78C7-8FE5-4E16-8B28-36F4F8E1B67F}.Release|Any CPU.Build.0 = Release|Any CPU
		{43E3309E-B950-4055-8A65-D8B6A94BB9CF}.Debug|Any CPU.ActiveCfg = Debug|Any CPU
		{43E3309E-B950-4055-8A65-D8B6A94BB9CF}.Debug|Any CPU.Build.0 = Debug|Any CPU
		{43E3309E-B950-4055-8A65-D8B6A94BB9CF}.Release|Any CPU.ActiveCfg = Release|Any CPU
		{43E3309E-B950-4055-8A65-D8B6A94BB9CF}.Release|Any CPU.Build.0 = Release|Any CPU
	EndGlobalSection
	GlobalSection(SolutionProperties) = preSolution
		HideSolutionNode = FALSE
	EndGlobalSection
	GlobalSection(ExtensibilityGlobals) = postSolution
		SolutionGuid = {7DB7DC51-37E3-4E79-B884-11FE94125FD2}
	EndGlobalSection
EndGlobal
